// !$*UTF8*$!
{
	archiveVersion = 1;
	classes = {
	};
	objectVersion = 52;
	objects = {

/* Begin PBXBuildFile section */
		086BA82424CDC5EB0090141A /* AppDelegate.swift in Sources */ = {isa = PBXBuildFile; fileRef = 086BA82324CDC5EB0090141A /* AppDelegate.swift */; };
		086BA82624CDC5EB0090141A /* SceneDelegate.swift in Sources */ = {isa = PBXBuildFile; fileRef = 086BA82524CDC5EB0090141A /* SceneDelegate.swift */; };
		086BA82824CDC5EB0090141A /* ContentView.swift in Sources */ = {isa = PBXBuildFile; fileRef = 086BA82724CDC5EB0090141A /* ContentView.swift */; };
		086BA82A24CDC5ED0090141A /* Assets.xcassets in Resources */ = {isa = PBXBuildFile; fileRef = 086BA82924CDC5ED0090141A /* Assets.xcassets */; };
		086BA82D24CDC5ED0090141A /* Preview Assets.xcassets in Resources */ = {isa = PBXBuildFile; fileRef = 086BA82C24CDC5ED0090141A /* Preview Assets.xcassets */; };
		086BA83024CDC5ED0090141A /* LaunchScreen.storyboard in Resources */ = {isa = PBXBuildFile; fileRef = 086BA82E24CDC5ED0090141A /* LaunchScreen.storyboard */; };
		086BA83924CDC7740090141A /* MDText in Frameworks */ = {isa = PBXBuildFile; productRef = 086BA83824CDC7740090141A /* MDText */; };
/* End PBXBuildFile section */

/* Begin PBXFileReference section */
		086BA82024CDC5EB0090141A /* MDTextDemo.app */ = {isa = PBXFileReference; explicitFileType = wrapper.application; includeInIndex = 0; path = MDTextDemo.app; sourceTree = BUILT_PRODUCTS_DIR; };
		086BA82324CDC5EB0090141A /* AppDelegate.swift */ = {isa = PBXFileReference; lastKnownFileType = sourcecode.swift; path = AppDelegate.swift; sourceTree = "<group>"; };
		086BA82524CDC5EB0090141A /* SceneDelegate.swift */ = {isa = PBXFileReference; lastKnownFileType = sourcecode.swift; path = SceneDelegate.swift; sourceTree = "<group>"; };
		086BA82724CDC5EB0090141A /* ContentView.swift */ = {isa = PBXFileReference; lastKnownFileType = sourcecode.swift; path = ContentView.swift; sourceTree = "<group>"; };
		086BA82924CDC5ED0090141A /* Assets.xcassets */ = {isa = PBXFileReference; lastKnownFileType = folder.assetcatalog; path = Assets.xcassets; sourceTree = "<group>"; };
		086BA82C24CDC5ED0090141A /* Preview Assets.xcassets */ = {isa = PBXFileReference; lastKnownFileType = folder.assetcatalog; path = "Preview Assets.xcassets"; sourceTree = "<group>"; };
		086BA82F24CDC5ED0090141A /* Base */ = {isa = PBXFileReference; lastKnownFileType = file.storyboard; name = Base; path = Base.lproj/LaunchScreen.storyboard; sourceTree = "<group>"; };
		086BA83124CDC5ED0090141A /* Info.plist */ = {isa = PBXFileReference; lastKnownFileType = text.plist.xml; path = Info.plist; sourceTree = "<group>"; };
/* End PBXFileReference section */

/* Begin PBXFrameworksBuildPhase section */
		086BA81D24CDC5EB0090141A /* Frameworks */ = {
			isa = PBXFrameworksBuildPhase;
			buildActionMask = 2147483647;
			files = (
				086BA83924CDC7740090141A /* MDText in Frameworks */,
			);
			runOnlyForDeploymentPostprocessing = 0;
		};
/* End PBXFrameworksBuildPhase section */

/* Begin PBXGroup section */
		086BA81724CDC5EB0090141A = {
			isa = PBXGroup;
			children = (
				086BA82224CDC5EB0090141A /* MDTextDemo */,
				086BA82124CDC5EB0090141A /* Products */,
			);
			sourceTree = "<group>";
		};
		086BA82124CDC5EB0090141A /* Products */ = {
			isa = PBXGroup;
			children = (
				086BA82024CDC5EB0090141A /* MDTextDemo.app */,
			);
			name = Products;
			sourceTree = "<group>";
		};
		086BA82224CDC5EB0090141A /* MDTextDemo */ = {
			isa = PBXGroup;
			children = (
				086BA82324CDC5EB0090141A /* AppDelegate.swift */,
				086BA82524CDC5EB0090141A /* SceneDelegate.swift */,
				086BA82724CDC5EB0090141A /* ContentView.swift */,
				086BA82924CDC5ED0090141A /* Assets.xcassets */,
				086BA82E24CDC5ED0090141A /* LaunchScreen.storyboard */,
				086BA83124CDC5ED0090141A /* Info.plist */,
				086BA82B24CDC5ED0090141A /* Preview Content */,
			);
			path = MDTextDemo;
			sourceTree = "<group>";
		};
		086BA82B24CDC5ED0090141A /* Preview Content */ = {
			isa = PBXGroup;
			children = (
				086BA82C24CDC5ED0090141A /* Preview Assets.xcassets */,
			);
			path = "Preview Content";
			sourceTree = "<group>";
		};
/* End PBXGroup section */

/* Begin PBXNativeTarget section */
		086BA81F24CDC5EB0090141A /* MDTextDemo */ = {
			isa = PBXNativeTarget;
			buildConfigurationList = 086BA83424CDC5ED0090141A /* Build configuration list for PBXNativeTarget "MDTextDemo" */;
			buildPhases = (
				086BA81C24CDC5EB0090141A /* Sources */,
				086BA81D24CDC5EB0090141A /* Frameworks */,
				086BA81E24CDC5EB0090141A /* Resources */,
			);
			buildRules = (
			);
			dependencies = (
			);
			name = MDTextDemo;
			packageProductDependencies = (
				086BA83824CDC7740090141A /* MDText */,
			);
			productName = MDTextDemo;
			productReference = 086BA82024CDC5EB0090141A /* MDTextDemo.app */;
			productType = "com.apple.product-type.application";
		};
/* End PBXNativeTarget section */

/* Begin PBXProject section */
		086BA81824CDC5EB0090141A /* Project object */ = {
			isa = PBXProject;
			attributes = {
				LastSwiftUpdateCheck = 1150;
				LastUpgradeCheck = 1150;
				ORGANIZATIONNAME = ykws;
				TargetAttributes = {
					086BA81F24CDC5EB0090141A = {
						CreatedOnToolsVersion = 11.5;
					};
				};
			};
			buildConfigurationList = 086BA81B24CDC5EB0090141A /* Build configuration list for PBXProject "MDTextDemo" */;
			compatibilityVersion = "Xcode 9.3";
			developmentRegion = en;
			hasScannedForEncodings = 0;
			knownRegions = (
				en,
				Base,
			);
			mainGroup = 086BA81724CDC5EB0090141A;
			packageReferences = (
				086BA83724CDC7740090141A /* XCRemoteSwiftPackageReference "MDText" */,
			);
			productRefGroup = 086BA82124CDC5EB0090141A /* Products */;
			projectDirPath = "";
			projectRoot = "";
			targets = (
				086BA81F24CDC5EB0090141A /* MDTextDemo */,
			);
		};
/* End PBXProject section */

/* Begin PBXResourcesBuildPhase section */
		086BA81E24CDC5EB0090141A /* Resources */ = {
			isa = PBXResourcesBuildPhase;
			buildActionMask = 2147483647;
			files = (
				086BA83024CDC5ED0090141A /* LaunchScreen.storyboard in Resources */,
				086BA82D24CDC5ED0090141A /* Preview Assets.xcassets in Resources */,
				086BA82A24CDC5ED0090141A /* Assets.xcassets in Resources */,
			);
			runOnlyForDeploymentPostprocessing = 0;
		};
/* End PBXResourcesBuildPhase section */

/* Begin PBXSourcesBuildPhase section */
		086BA81C24CDC5EB0090141A /* Sources */ = {
			isa = PBXSourcesBuildPhase;
			buildActionMask = 2147483647;
			files = (
				086BA82424CDC5EB0090141A /* AppDelegate.swift in Sources */,
				086BA82624CDC5EB0090141A /* SceneDelegate.swift in Sources */,
				086BA82824CDC5EB0090141A /* ContentView.swift in Sources */,
			);
			runOnlyForDeploymentPostprocessing = 0;
		};
/* End PBXSourcesBuildPhase section */

/* Begin PBXVariantGroup section */
		086BA82E24CDC5ED0090141A /* LaunchScreen.storyboard */ = {
			isa = PBXVariantGroup;
			children = (
				086BA82F24CDC5ED0090141A /* Base */,
			);
			name = LaunchScreen.storyboard;
			sourceTree = "<group>";
		};
/* End PBXVariantGroup section */

/* Begin XCBuildConfiguration section */
		086BA83224CDC5ED0090141A /* Debug */ = {
			isa = XCBuildConfiguration;
			buildSettings = {
				ALWAYS_SEARCH_USER_PATHS = NO;
				CLANG_ANALYZER_NONNULL = YES;
				CLANG_ANALYZER_NUMBER_OBJECT_CONVERSION = YES_AGGRESSIVE;
				CLANG_CXX_LANGUAGE_STANDARD = "gnu++14";
				CLANG_CXX_LIBRARY = "libc++";
				CLANG_ENABLE_MODULES = YES;
				CLANG_ENABLE_OBJC_ARC = YES;
				CLANG_ENABLE_OBJC_WEAK = YES;
				CLANG_WARN_BLOCK_CAPTURE_AUTORELEASING = YES;
				CLANG_WARN_BOOL_CONVERSION = YES;
				CLANG_WARN_COMMA = YES;
				CLANG_WARN_CONSTANT_CONVERSION = YES;
				CLANG_WARN_DEPRECATED_OBJC_IMPLEMENTATIONS = YES;
				CLANG_WARN_DIRECT_OBJC_ISA_USAGE = YES_ERROR;
				CLANG_WARN_DOCUMENTATION_COMMENTS = YES;
				CLANG_WARN_EMPTY_BODY = YES;
				CLANG_WARN_ENUM_CONVERSION = YES;
				CLANG_WARN_INFINITE_RECURSION = YES;
				CLANG_WARN_INT_CONVERSION = YES;
				CLANG_WARN_NON_LITERAL_NULL_CONVERSION = YES;
				CLANG_WARN_OBJC_IMPLICIT_RETAIN_SELF = YES;
				CLANG_WARN_OBJC_LITERAL_CONVERSION = YES;
				CLANG_WARN_OBJC_ROOT_CLASS = YES_ERROR;
				CLANG_WARN_RANGE_LOOP_ANALYSIS = YES;
				CLANG_WARN_STRICT_PROTOTYPES = YES;
				CLANG_WARN_SUSPICIOUS_MOVE = YES;
				CLANG_WARN_UNGUARDED_AVAILABILITY = YES_AGGRESSIVE;
				CLANG_WARN_UNREACHABLE_CODE = YES;
				CLANG_WARN__DUPLICATE_METHOD_MATCH = YES;
				COPY_PHASE_STRIP = NO;
				DEBUG_INFORMATION_FORMAT = dwarf;
				ENABLE_STRICT_OBJC_MSGSEND = YES;
				ENABLE_TESTABILITY = YES;
				GCC_C_LANGUAGE_STANDARD = gnu11;
				GCC_DYNAMIC_NO_PIC = NO;
				GCC_NO_COMMON_BLOCKS = YES;
				GCC_OPTIMIZATION_LEVEL = 0;
				GCC_PREPROCESSOR_DEFINITIONS = (
					"DEBUG=1",
					"$(inherited)",
				);
				GCC_WARN_64_TO_32_BIT_CONVERSION = YES;
				GCC_WARN_ABOUT_RETURN_TYPE = YES_ERROR;
				GCC_WARN_UNDECLARED_SELECTOR = YES;
				GCC_WARN_UNINITIALIZED_AUTOS = YES_AGGRESSIVE;
				GCC_WARN_UNUSED_FUNCTION = YES;
				GCC_WARN_UNUSED_VARIABLE = YES;
				IPHONEOS_DEPLOYMENT_TARGET = 13.5;
				MTL_ENABLE_DEBUG_INFO = INCLUDE_SOURCE;
				MTL_FAST_MATH = YES;
				ONLY_ACTIVE_ARCH = YES;
				SDKROOT = iphoneos;
				SWIFT_ACTIVE_COMPILATION_CONDITIONS = DEBUG;
				SWIFT_OPTIMIZATION_LEVEL = "-Onone";
			};
			name = Debug;
		};
		086BA83324CDC5ED0090141A /* Release */ = {
			isa = XCBuildConfiguration;
			buildSettings = {
				ALWAYS_SEARCH_USER_PATHS = NO;
				CLANG_ANALYZER_NONNULL = YES;
				CLANG_ANALYZER_NUMBER_OBJECT_CONVERSION = YES_AGGRESSIVE;
				CLANG_CXX_LANGUAGE_STANDARD = "gnu++14";
				CLANG_CXX_LIBRARY = "libc++";
				CLANG_ENABLE_MODULES = YES;
				CLANG_ENABLE_OBJC_ARC = YES;
				CLANG_ENABLE_OBJC_WEAK = YES;
				CLANG_WARN_BLOCK_CAPTURE_AUTORELEASING = YES;
				CLANG_WARN_BOOL_CONVERSION = YES;
				CLANG_WARN_COMMA = YES;
				CLANG_WARN_CONSTANT_CONVERSION = YES;
				CLANG_WARN_DEPRECATED_OBJC_IMPLEMENTATIONS = YES;
				CLANG_WARN_DIRECT_OBJC_ISA_USAGE = YES_ERROR;
				CLANG_WARN_DOCUMENTATION_COMMENTS = YES;
				CLANG_WARN_EMPTY_BODY = YES;
				CLANG_WARN_ENUM_CONVERSION = YES;
				CLANG_WARN_INFINITE_RECURSION = YES;
				CLANG_WARN_INT_CONVERSION = YES;
				CLANG_WARN_NON_LITERAL_NULL_CONVERSION = YES;
				CLANG_WARN_OBJC_IMPLICIT_RETAIN_SELF = YES;
				CLANG_WARN_OBJC_LITERAL_CONVERSION = YES;
				CLANG_WARN_OBJC_ROOT_CLASS = YES_ERROR;
				CLANG_WARN_RANGE_LOOP_ANALYSIS = YES;
				CLANG_WARN_STRICT_PROTOTYPES = YES;
				CLANG_WARN_SUSPICIOUS_MOVE = YES;
				CLANG_WARN_UNGUARDED_AVAILABILITY = YES_AGGRESSIVE;
				CLANG_WARN_UNREACHABLE_CODE = YES;
				CLANG_WARN__DUPLICATE_METHOD_MATCH = YES;
				COPY_PHASE_STRIP = NO;
				DEBUG_INFORMATION_FORMAT = "dwarf-with-dsym";
				ENABLE_NS_ASSERTIONS = NO;
				ENABLE_STRICT_OBJC_MSGSEND = YES;
				GCC_C_LANGUAGE_STANDARD = gnu11;
				GCC_NO_COMMON_BLOCKS = YES;
				GCC_WARN_64_TO_32_BIT_CONVERSION = YES;
				GCC_WARN_ABOUT_RETURN_TYPE = YES_ERROR;
				GCC_WARN_UNDECLARED_SELECTOR = YES;
				GCC_WARN_UNINITIALIZED_AUTOS = YES_AGGRESSIVE;
				GCC_WARN_UNUSED_FUNCTION = YES;
				GCC_WARN_UNUSED_VARIABLE = YES;
				IPHONEOS_DEPLOYMENT_TARGET = 13.5;
				MTL_ENABLE_DEBUG_INFO = NO;
				MTL_FAST_MATH = YES;
				SDKROOT = iphoneos;
				SWIFT_COMPILATION_MODE = wholemodule;
				SWIFT_OPTIMIZATION_LEVEL = "-O";
				VALIDATE_PRODUCT = YES;
			};
			name = Release;
		};
		086BA83524CDC5ED0090141A /* Debug */ = {
			isa = XCBuildConfiguration;
			buildSettings = {
				ASSETCATALOG_COMPILER_APPICON_NAME = AppIcon;
				CODE_SIGN_STYLE = Automatic;
				DEVELOPMENT_ASSET_PATHS = "\"MDTextDemo/Preview Content\"";
				DEVELOPMENT_TEAM = NYT8BVWJBJ;
				ENABLE_PREVIEWS = YES;
				INFOPLIST_FILE = MDTextDemo/Info.plist;
				LD_RUNPATH_SEARCH_PATHS = (
					"$(inherited)",
					"@executable_path/Frameworks",
				);
				PRODUCT_BUNDLE_IDENTIFIER = io.github.ykws.MDTextDemo;
				PRODUCT_NAME = "$(TARGET_NAME)";
				SWIFT_VERSION = 5.0;
				TARGETED_DEVICE_FAMILY = "1,2";
			};
			name = Debug;
		};
		086BA83624CDC5ED0090141A /* Release */ = {
			isa = XCBuildConfiguration;
			buildSettings = {
				ASSETCATALOG_COMPILER_APPICON_NAME = AppIcon;
				CODE_SIGN_STYLE = Automatic;
				DEVELOPMENT_ASSET_PATHS = "\"MDTextDemo/Preview Content\"";
				DEVELOPMENT_TEAM = NYT8BVWJBJ;
				ENABLE_PREVIEWS = YES;
				INFOPLIST_FILE = MDTextDemo/Info.plist;
				LD_RUNPATH_SEARCH_PATHS = (
					"$(inherited)",
					"@executable_path/Frameworks",
				);
				PRODUCT_BUNDLE_IDENTIFIER = io.github.ykws.MDTextDemo;
				PRODUCT_NAME = "$(TARGET_NAME)";
				SWIFT_VERSION = 5.0;
				TARGETED_DEVICE_FAMILY = "1,2";
			};
			name = Release;
		};
/* End XCBuildConfiguration section */

/* Begin XCConfigurationList section */
		086BA81B24CDC5EB0090141A /* Build configuration list for PBXProject "MDTextDemo" */ = {
			isa = XCConfigurationList;
			buildConfigurations = (
				086BA83224CDC5ED0090141A /* Debug */,
				086BA83324CDC5ED0090141A /* Release */,
			);
			defaultConfigurationIsVisible = 0;
			defaultConfigurationName = Release;
		};
		086BA83424CDC5ED0090141A /* Build configuration list for PBXNativeTarget "MDTextDemo" */ = {
			isa = XCConfigurationList;
			buildConfigurations = (
				086BA83524CDC5ED0090141A /* Debug */,
				086BA83624CDC5ED0090141A /* Release */,
			);
			defaultConfigurationIsVisible = 0;
			defaultConfigurationName = Release;
		};
/* End XCConfigurationList section */

/* Begin XCRemoteSwiftPackageReference section */
		086BA83724CDC7740090141A /* XCRemoteSwiftPackageReference "MDText" */ = {
			isa = XCRemoteSwiftPackageReference;
			repositoryURL = "https://github.com/Lambdo-Labs/MDText";
			requirement = {
				kind = upToNextMajorVersion;
				minimumVersion = 0.0.9;
			};
		};
/* End XCRemoteSwiftPackageReference section */

/* Begin XCSwiftPackageProductDependency section */
		086BA83824CDC7740090141A /* MDText */ = {
			isa = XCSwiftPackageProductDependency;
			package = 086BA83724CDC7740090141A /* XCRemoteSwiftPackageReference "MDText" */;
			productName = MDText;
		};
/* End XCSwiftPackageProductDependency section */
	};
	rootObject = 086BA81824CDC5EB0090141A /* Project object */;
}
